
Microsoft Visual Studio Solution File, Format Version 12.00
# Visual Studio 15
VisualStudioVersion = 15.0.27703.2000
MinimumVisualStudioVersion = 10.0.40219.1
Project("{2150E333-8FDC-42A3-9474-1A3956D46DE8}") = "src", "src", "{C8745633-4003-4839-A6F8-AFD287B7175E}"
EndProject
Project("{9A19103F-16F7-4668-BE54-9A1E7A4F7556}") = "ijw.Next", "src\ijw.Next\ijw.Next.csproj", "{0FE0B64C-8934-45CA-A49D-1113C29B0E7E}"
EndProject
Project("{9A19103F-16F7-4668-BE54-9A1E7A4F7556}") = "ijw.Next.Collection", "src\ijw.Next.Collection\ijw.Next.Collection.csproj", "{112E34B4-0A18-45A6-A3DE-1A40017E05B4}"
EndProject
Project("{9A19103F-16F7-4668-BE54-9A1E7A4F7556}") = "ijw.Next.IO", "src\ijw.Next.IO\ijw.Next.IO.csproj", "{A512DF72-0090-461F-AF64-C9582F8E0830}"
EndProject
Project("{9A19103F-16F7-4668-BE54-9A1E7A4F7556}") = "ijw.Next.IO.FileSystem.Watcher", "src\ijw.Next.IO.FileSystem.Watcher\ijw.Next.IO.FileSystem.Watcher.csproj", "{B31A9486-CBB5-4EA4-93A1-26D8FC1BCE56}"
EndProject
Project("{9A19103F-16F7-4668-BE54-9A1E7A4F7556}") = "ijw.Next.Reflection", "src\ijw.Next.Reflection\ijw.Next.Reflection.csproj", "{A3A372F1-8DE7-43C9-AC7C-47AED9EE3AB2}"
EndProject
Project("{9A19103F-16F7-4668-BE54-9A1E7A4F7556}") = "ijw.Next.Serialization.Binary", "src\ijw.Next.Serialization.Binary\ijw.Next.Serialization.Binary.csproj", "{486B4A7A-9A4D-46A0-AA01-893C53DA8145}"
EndProject
Project("{9A19103F-16F7-4668-BE54-9A1E7A4F7556}") = "ijw.Next.Serialization.Json", "src\ijw.Next.Serialization.Json\ijw.Next.Serialization.Json.csproj", "{9436C926-CF92-4FB1-98C4-5E4565A44C46}"
EndProject
Project("{9A19103F-16F7-4668-BE54-9A1E7A4F7556}") = "ijw.Next.Threading.Tasks", "src\ijw.Next.Threading.Tasks\ijw.Next.Threading.Tasks.csproj", "{56FD36DB-5E06-4DD6-AEBF-6C9E6EEC3400}"
EndProject
Project("{9A19103F-16F7-4668-BE54-9A1E7A4F7556}") = "ijw.Next.Html", "src\ijw.Next.Html\ijw.Next.Html.csproj", "{2A5715EB-8E3F-4A52-97F3-D3EA9BA3EE71}"
EndProject
Project("{9A19103F-16F7-4668-BE54-9A1E7A4F7556}") = "ijw.Next.Log.File", "src\ijw.Next.Log.File\ijw.Next.Log.File.csproj", "{639B403C-EA2E-4BB3-A1D4-C2808EAA771A}"
EndProject
Project("{9A19103F-16F7-4668-BE54-9A1E7A4F7556}") = "ijw.Next.Log", "src\ijw.Next.Log\ijw.Next.Log.csproj", "{A4A6F6BF-B22B-4EBC-9A88-94CAEEC3083C}"
EndProject
Project("{9A19103F-16F7-4668-BE54-9A1E7A4F7556}") = "ijw.Next.Linq.Expressions", "src\ijw.Next.Linq.Expressions\ijw.Next.Linq.Expressions.csproj", "{49A882F3-845B-4EB6-ABFA-FA945A4311BD}"
EndProject
Project("{9A19103F-16F7-4668-BE54-9A1E7A4F7556}") = "ijw.Next.DependencyInjection", "src\ijw.Next.DependencyInjection\ijw.Next.DependencyInjection.csproj", "{A21EDD84-E2F4-4674-98AC-BA948F8601CF}"
EndProject
Project("{9A19103F-16F7-4668-BE54-9A1E7A4F7556}") = "ijw.Next.DDD", "src\ijw.Next.DDD\ijw.Next.DDD.csproj", "{B5C03CC7-CD00-4047-89A9-92F6136E765F}"
EndProject
Project("{9A19103F-16F7-4668-BE54-9A1E7A4F7556}") = "ijw.Next.Grid", "src\ijw.Next.Grid\ijw.Next.Grid.csproj", "{798D502B-8407-4650-AF0F-8A02769170D8}"
EndProject
Project("{9A19103F-16F7-4668-BE54-9A1E7A4F7556}") = "ijw.Next.IO.CsvReader", "src\ijw.Next.IO.CsvReader\ijw.Next.IO.CsvReader.csproj", "{719C6A52-973F-4AC3-9D8E-418DE07FFDFC}"
EndProject
Project("{2150E333-8FDC-42A3-9474-1A3956D46DE8}") = "tests", "tests", "{1D3FD4DB-65F1-4DBE-B0C5-E6C12D2E90C6}"
EndProject
Project("{9A19103F-16F7-4668-BE54-9A1E7A4F7556}") = "ijw.Next.Test.ConsoleApplication.Netcore20", "tests\ijw.Next.Test.ConsoleApplication.Netcore20\ijw.Next.Test.ConsoleApplication.Netcore20.csproj", "{9A50ED78-E612-4CC6-9FA2-318162D805AB}"
EndProject
Project("{FAE04EC0-301F-11D3-BF4B-00C04F79EFBC}") = "ijw.Next.Test.ConsoleApplication.Net45", "src\ijw.Next.Test.ConsoleApplication.Net45\ijw.Next.Test.ConsoleApplication.Net45.csproj", "{2A39EF10-D5E6-4677-BD43-08707B69628D}"
EndProject
Project("{9A19103F-16F7-4668-BE54-9A1E7A4F7556}") = "ijw.Next.xTest", "tests\ijw.Next.xTest\ijw.Next.xTest.csproj", "{19CCCBD8-C41C-4A20-8884-48C8D453AD49}"
EndProject
Project("{9A19103F-16F7-4668-BE54-9A1E7A4F7556}") = "ijw.Next.Collection.xTest", "tests\ijw.Next.Collection.xTest\ijw.Next.Collection.xTest.csproj", "{F6C03327-B976-4A27-8811-B3D8F01E1151}"
EndProject
Project("{9A19103F-16F7-4668-BE54-9A1E7A4F7556}") = "ijw.Next.Reflection.xTest", "tests\ijw.Next.Reflection.xTest\ijw.Next.Reflection.xTest.csproj", "{8EFE71C9-6D99-4CF1-B0B1-7A081A7436E9}"
EndProject
Project("{9A19103F-16F7-4668-BE54-9A1E7A4F7556}") = "ijw.Next.Collection.Async", "src\ijw.Next.Collection.Async\ijw.Next.Collection.Async.csproj", "{240C0EDD-A513-4BAB-89C4-E932A7EA5090}"
EndProject
Project("{9A19103F-16F7-4668-BE54-9A1E7A4F7556}") = "ijw.Next.IO.CsvReader.xTest", "tests\ijw.Next.IO.CsvReader.xTest\ijw.Next.IO.CsvReader.xTest.csproj", "{435C877D-243D-46CB-A0EC-FFD2D3DD3733}"
EndProject
Project("{9A19103F-16F7-4668-BE54-9A1E7A4F7556}") = "ijw.Next.Maths.xTest", "tests\ijw.Next.Maths.xTest\ijw.Next.Maths.xTest.csproj", "{920AC1BB-0B4E-4548-9342-70FABC2AA8B8}"
EndProject
Project("{9A19103F-16F7-4668-BE54-9A1E7A4F7556}") = "ijw.Next.Collection.Indexable", "src\ijw.Next.Collection.Indexable\ijw.Next.Collection.Indexable.csproj", "{37C2B57F-B980-410F-9EF0-012944E8DD4A}"
EndProject
Global
	GlobalSection(SolutionConfigurationPlatforms) = preSolution
		Debug|Any CPU = Debug|Any CPU
		Release|Any CPU = Release|Any CPU
	EndGlobalSection
	GlobalSection(ProjectConfigurationPlatforms) = postSolution
		{0FE0B64C-8934-45CA-A49D-1113C29B0E7E}.Debug|Any CPU.ActiveCfg = Debug|Any CPU
		{0FE0B64C-8934-45CA-A49D-1113C29B0E7E}.Debug|Any CPU.Build.0 = Debug|Any CPU
		{0FE0B64C-8934-45CA-A49D-1113C29B0E7E}.Release|Any CPU.ActiveCfg = Release|Any CPU
		{0FE0B64C-8934-45CA-A49D-1113C29B0E7E}.Release|Any CPU.Build.0 = Release|Any CPU
		{112E34B4-0A18-45A6-A3DE-1A40017E05B4}.Debug|Any CPU.ActiveCfg = Debug|Any CPU
		{112E34B4-0A18-45A6-A3DE-1A40017E05B4}.Debug|Any CPU.Build.0 = Debug|Any CPU
		{112E34B4-0A18-45A6-A3DE-1A40017E05B4}.Release|Any CPU.ActiveCfg = Release|Any CPU
		{112E34B4-0A18-45A6-A3DE-1A40017E05B4}.Release|Any CPU.Build.0 = Release|Any CPU
		{A512DF72-0090-461F-AF64-C9582F8E0830}.Debug|Any CPU.ActiveCfg = Debug|Any CPU
		{A512DF72-0090-461F-AF64-C9582F8E0830}.Debug|Any CPU.Build.0 = Debug|Any CPU
		{A512DF72-0090-461F-AF64-C9582F8E0830}.Release|Any CPU.ActiveCfg = Release|Any CPU
		{A512DF72-0090-461F-AF64-C9582F8E0830}.Release|Any CPU.Build.0 = Release|Any CPU
		{B31A9486-CBB5-4EA4-93A1-26D8FC1BCE56}.Debug|Any CPU.ActiveCfg = Debug|Any CPU
		{B31A9486-CBB5-4EA4-93A1-26D8FC1BCE56}.Debug|Any CPU.Build.0 = Debug|Any CPU
		{B31A9486-CBB5-4EA4-93A1-26D8FC1BCE56}.Release|Any CPU.ActiveCfg = Release|Any CPU
		{B31A9486-CBB5-4EA4-93A1-26D8FC1BCE56}.Release|Any CPU.Build.0 = Release|Any CPU
		{A3A372F1-8DE7-43C9-AC7C-47AED9EE3AB2}.Debug|Any CPU.ActiveCfg = Debug|Any CPU
		{A3A372F1-8DE7-43C9-AC7C-47AED9EE3AB2}.Debug|Any CPU.Build.0 = Debug|Any CPU
		{A3A372F1-8DE7-43C9-AC7C-47AED9EE3AB2}.Release|Any CPU.ActiveCfg = Release|Any CPU
		{A3A372F1-8DE7-43C9-AC7C-47AED9EE3AB2}.Release|Any CPU.Build.0 = Release|Any CPU
		{486B4A7A-9A4D-46A0-AA01-893C53DA8145}.Debug|Any CPU.ActiveCfg = Debug|Any CPU
		{486B4A7A-9A4D-46A0-AA01-893C53DA8145}.Debug|Any CPU.Build.0 = Debug|Any CPU
		{486B4A7A-9A4D-46A0-AA01-893C53DA8145}.Release|Any CPU.ActiveCfg = Release|Any CPU
		{486B4A7A-9A4D-46A0-AA01-893C53DA8145}.Release|Any CPU.Build.0 = Release|Any CPU
		{9436C926-CF92-4FB1-98C4-5E4565A44C46}.Debug|Any CPU.ActiveCfg = Debug|Any CPU
		{9436C926-CF92-4FB1-98C4-5E4565A44C46}.Debug|Any CPU.Build.0 = Debug|Any CPU
		{9436C926-CF92-4FB1-98C4-5E4565A44C46}.Release|Any CPU.ActiveCfg = Release|Any CPU
		{9436C926-CF92-4FB1-98C4-5E4565A44C46}.Release|Any CPU.Build.0 = Release|Any CPU
		{56FD36DB-5E06-4DD6-AEBF-6C9E6EEC3400}.Debug|Any CPU.ActiveCfg = Debug|Any CPU
		{56FD36DB-5E06-4DD6-AEBF-6C9E6EEC3400}.Debug|Any CPU.Build.0 = Debug|Any CPU
		{56FD36DB-5E06-4DD6-AEBF-6C9E6EEC3400}.Release|Any CPU.ActiveCfg = Release|Any CPU
		{56FD36DB-5E06-4DD6-AEBF-6C9E6EEC3400}.Release|Any CPU.Build.0 = Release|Any CPU
		{2A5715EB-8E3F-4A52-97F3-D3EA9BA3EE71}.Debug|Any CPU.ActiveCfg = Debug|Any CPU
		{2A5715EB-8E3F-4A52-97F3-D3EA9BA3EE71}.Debug|Any CPU.Build.0 = Debug|Any CPU
		{2A5715EB-8E3F-4A52-97F3-D3EA9BA3EE71}.Release|Any CPU.ActiveCfg = Release|Any CPU
		{2A5715EB-8E3F-4A52-97F3-D3EA9BA3EE71}.Release|Any CPU.Build.0 = Release|Any CPU
		{639B403C-EA2E-4BB3-A1D4-C2808EAA771A}.Debug|Any CPU.ActiveCfg = Debug|Any CPU
		{639B403C-EA2E-4BB3-A1D4-C2808EAA771A}.Debug|Any CPU.Build.0 = Debug|Any CPU
		{639B403C-EA2E-4BB3-A1D4-C2808EAA771A}.Release|Any CPU.ActiveCfg = Release|Any CPU
		{639B403C-EA2E-4BB3-A1D4-C2808EAA771A}.Release|Any CPU.Build.0 = Release|Any CPU
		{A4A6F6BF-B22B-4EBC-9A88-94CAEEC3083C}.Debug|Any CPU.ActiveCfg = Debug|Any CPU
		{A4A6F6BF-B22B-4EBC-9A88-94CAEEC3083C}.Debug|Any CPU.Build.0 = Debug|Any CPU
		{A4A6F6BF-B22B-4EBC-9A88-94CAEEC3083C}.Release|Any CPU.ActiveCfg = Release|Any CPU
		{A4A6F6BF-B22B-4EBC-9A88-94CAEEC3083C}.Release|Any CPU.Build.0 = Release|Any CPU
		{49A882F3-845B-4EB6-ABFA-FA945A4311BD}.Debug|Any CPU.ActiveCfg = Debug|Any CPU
		{49A882F3-845B-4EB6-ABFA-FA945A4311BD}.Debug|Any CPU.Build.0 = Debug|Any CPU
		{49A882F3-845B-4EB6-ABFA-FA945A4311BD}.Release|Any CPU.ActiveCfg = Release|Any CPU
		{49A882F3-845B-4EB6-ABFA-FA945A4311BD}.Release|Any CPU.Build.0 = Release|Any CPU
		{A21EDD84-E2F4-4674-98AC-BA948F8601CF}.Debug|Any CPU.ActiveCfg = Debug|Any CPU
		{A21EDD84-E2F4-4674-98AC-BA948F8601CF}.Debug|Any CPU.Build.0 = Debug|Any CPU
		{A21EDD84-E2F4-4674-98AC-BA948F8601CF}.Release|Any CPU.ActiveCfg = Release|Any CPU
		{A21EDD84-E2F4-4674-98AC-BA948F8601CF}.Release|Any CPU.Build.0 = Release|Any CPU
		{B5C03CC7-CD00-4047-89A9-92F6136E765F}.Debug|Any CPU.ActiveCfg = Debug|Any CPU
		{B5C03CC7-CD00-4047-89A9-92F6136E765F}.Debug|Any CPU.Build.0 = Debug|Any CPU
		{B5C03CC7-CD00-4047-89A9-92F6136E765F}.Release|Any CPU.ActiveCfg = Release|Any CPU
		{B5C03CC7-CD00-4047-89A9-92F6136E765F}.Release|Any CPU.Build.0 = Release|Any CPU
		{798D502B-8407-4650-AF0F-8A02769170D8}.Debug|Any CPU.ActiveCfg = Debug|Any CPU
		{798D502B-8407-4650-AF0F-8A02769170D8}.Debug|Any CPU.Build.0 = Debug|Any CPU
		{798D502B-8407-4650-AF0F-8A02769170D8}.Release|Any CPU.ActiveCfg = Release|Any CPU
		{798D502B-8407-4650-AF0F-8A02769170D8}.Release|Any CPU.Build.0 = Release|Any CPU
		{719C6A52-973F-4AC3-9D8E-418DE07FFDFC}.Debug|Any CPU.ActiveCfg = Debug|Any CPU
		{719C6A52-973F-4AC3-9D8E-418DE07FFDFC}.Debug|Any CPU.Build.0 = Debug|Any CPU
		{719C6A52-973F-4AC3-9D8E-418DE07FFDFC}.Release|Any CPU.ActiveCfg = Release|Any CPU
		{719C6A52-973F-4AC3-9D8E-418DE07FFDFC}.Release|Any CPU.Build.0 = Release|Any CPU
		{9A50ED78-E612-4CC6-9FA2-318162D805AB}.Debug|Any CPU.ActiveCfg = Debug|Any CPU
		{9A50ED78-E612-4CC6-9FA2-318162D805AB}.Debug|Any CPU.Build.0 = Debug|Any CPU
		{9A50ED78-E612-4CC6-9FA2-318162D805AB}.Release|Any CPU.ActiveCfg = Release|Any CPU
		{9A50ED78-E612-4CC6-9FA2-318162D805AB}.Release|Any CPU.Build.0 = Release|Any CPU
		{2A39EF10-D5E6-4677-BD43-08707B69628D}.Debug|Any CPU.ActiveCfg = Debug|Any CPU
		{2A39EF10-D5E6-4677-BD43-08707B69628D}.Debug|Any CPU.Build.0 = Debug|Any CPU
		{2A39EF10-D5E6-4677-BD43-08707B69628D}.Release|Any CPU.ActiveCfg = Release|Any CPU
		{2A39EF10-D5E6-4677-BD43-08707B69628D}.Release|Any CPU.Build.0 = Release|Any CPU
		{19CCCBD8-C41C-4A20-8884-48C8D453AD49}.Debug|Any CPU.ActiveCfg = Debug|Any CPU
		{19CCCBD8-C41C-4A20-8884-48C8D453AD49}.Debug|Any CPU.Build.0 = Debug|Any CPU
		{19CCCBD8-C41C-4A20-8884-48C8D453AD49}.Release|Any CPU.ActiveCfg = Release|Any CPU
		{19CCCBD8-C41C-4A20-8884-48C8D453AD49}.Release|Any CPU.Build.0 = Release|Any CPU
		{F6C03327-B976-4A27-8811-B3D8F01E1151}.Debug|Any CPU.ActiveCfg = Debug|Any CPU
		{F6C03327-B976-4A27-8811-B3D8F01E1151}.Debug|Any CPU.Build.0 = Debug|Any CPU
		{F6C03327-B976-4A27-8811-B3D8F01E1151}.Release|Any CPU.ActiveCfg = Release|Any CPU
		{F6C03327-B976-4A27-8811-B3D8F01E1151}.Release|Any CPU.Build.0 = Release|Any CPU
		{8EFE71C9-6D99-4CF1-B0B1-7A081A7436E9}.Debug|Any CPU.ActiveCfg = Debug|Any CPU
		{8EFE71C9-6D99-4CF1-B0B1-7A081A7436E9}.Debug|Any CPU.Build.0 = Debug|Any CPU
		{8EFE71C9-6D99-4CF1-B0B1-7A081A7436E9}.Release|Any CPU.ActiveCfg = Release|Any CPU
		{8EFE71C9-6D99-4CF1-B0B1-7A081A7436E9}.Release|Any CPU.Build.0 = Release|Any CPU
		{240C0EDD-A513-4BAB-89C4-E932A7EA5090}.Debug|Any CPU.ActiveCfg = Debug|Any CPU
		{240C0EDD-A513-4BAB-89C4-E932A7EA5090}.Debug|Any CPU.Build.0 = Debug|Any CPU
		{240C0EDD-A513-4BAB-89C4-E932A7EA5090}.Release|Any CPU.ActiveCfg = Release|Any CPU
		{240C0EDD-A513-4BAB-89C4-E932A7EA5090}.Release|Any CPU.Build.0 = Release|Any CPU
		{435C877D-243D-46CB-A0EC-FFD2D3DD3733}.Debug|Any CPU.ActiveCfg = Debug|Any CPU
		{435C877D-243D-46CB-A0EC-FFD2D3DD3733}.Debug|Any CPU.Build.0 = Debug|Any CPU
		{435C877D-243D-46CB-A0EC-FFD2D3DD3733}.Release|Any CPU.ActiveCfg = Release|Any CPU
		{435C877D-243D-46CB-A0EC-FFD2D3DD3733}.Release|Any CPU.Build.0 = Release|Any CPU
		{920AC1BB-0B4E-4548-9342-70FABC2AA8B8}.Debug|Any CPU.ActiveCfg = Debug|Any CPU
		{920AC1BB-0B4E-4548-9342-70FABC2AA8B8}.Debug|Any CPU.Build.0 = Debug|Any CPU
		{920AC1BB-0B4E-4548-9342-70FABC2AA8B8}.Release|Any CPU.ActiveCfg = Release|Any CPU
		{920AC1BB-0B4E-4548-9342-70FABC2AA8B8}.Release|Any CPU.Build.0 = Release|Any CPU
		{37C2B57F-B980-410F-9EF0-012944E8DD4A}.Debug|Any CPU.ActiveCfg = Debug|Any CPU
		{37C2B57F-B980-410F-9EF0-012944E8DD4A}.Debug|Any CPU.Build.0 = Debug|Any CPU
		{37C2B57F-B980-410F-9EF0-012944E8DD4A}.Release|Any CPU.ActiveCfg = Release|Any CPU
		{37C2B57F-B980-410F-9EF0-012944E8DD4A}.Release|Any CPU.Build.0 = Release|Any CPU
	EndGlobalSection
	GlobalSection(SolutionProperties) = preSolution
		HideSolutionNode = FALSE
	EndGlobalSection
	GlobalSection(NestedProjects) = preSolution
		{0FE0B64C-8934-45CA-A49D-1113C29B0E7E} = {C8745633-4003-4839-A6F8-AFD287B7175E}
		{112E34B4-0A18-45A6-A3DE-1A40017E05B4} = {C8745633-4003-4839-A6F8-AFD287B7175E}
		{A512DF72-0090-461F-AF64-C9582F8E0830} = {C8745633-4003-4839-A6F8-AFD287B7175E}
		{B31A9486-CBB5-4EA4-93A1-26D8FC1BCE56} = {C8745633-4003-4839-A6F8-AFD287B7175E}
		{A3A372F1-8DE7-43C9-AC7C-47AED9EE3AB2} = {C8745633-4003-4839-A6F8-AFD287B7175E}
		{486B4A7A-9A4D-46A0-AA01-893C53DA8145} = {C8745633-4003-4839-A6F8-AFD287B7175E}
		{9436C926-CF92-4FB1-98C4-5E4565A44C46} = {C8745633-4003-4839-A6F8-AFD287B7175E}
		{56FD36DB-5E06-4DD6-AEBF-6C9E6EEC3400} = {C8745633-4003-4839-A6F8-AFD287B7175E}
		{2A5715EB-8E3F-4A52-97F3-D3EA9BA3EE71} = {C8745633-4003-4839-A6F8-AFD287B7175E}
		{639B403C-EA2E-4BB3-A1D4-C2808EAA771A} = {C8745633-4003-4839-A6F8-AFD287B7175E}
		{A4A6F6BF-B22B-4EBC-9A88-94CAEEC3083C} = {C8745633-4003-4839-A6F8-AFD287B7175E}
		{49A882F3-845B-4EB6-ABFA-FA945A4311BD} = {C8745633-4003-4839-A6F8-AFD287B7175E}
		{A21EDD84-E2F4-4674-98AC-BA948F8601CF} = {C8745633-4003-4839-A6F8-AFD287B7175E}
		{B5C03CC7-CD00-4047-89A9-92F6136E765F} = {C8745633-4003-4839-A6F8-AFD287B7175E}
		{798D502B-8407-4650-AF0F-8A02769170D8} = {C8745633-4003-4839-A6F8-AFD287B7175E}
		{719C6A52-973F-4AC3-9D8E-418DE07FFDFC} = {C8745633-4003-4839-A6F8-AFD287B7175E}
		{9A50ED78-E612-4CC6-9FA2-318162D805AB} = {1D3FD4DB-65F1-4DBE-B0C5-E6C12D2E90C6}
		{2A39EF10-D5E6-4677-BD43-08707B69628D} = {1D3FD4DB-65F1-4DBE-B0C5-E6C12D2E90C6}
		{19CCCBD8-C41C-4A20-8884-48C8D453AD49} = {1D3FD4DB-65F1-4DBE-B0C5-E6C12D2E90C6}
		{F6C03327-B976-4A27-8811-B3D8F01E1151} = {1D3FD4DB-65F1-4DBE-B0C5-E6C12D2E90C6}
		{8EFE71C9-6D99-4CF1-B0B1-7A081A7436E9} = {1D3FD4DB-65F1-4DBE-B0C5-E6C12D2E90C6}
		{240C0EDD-A513-4BAB-89C4-E932A7EA5090} = {C8745633-4003-4839-A6F8-AFD287B7175E}
		{435C877D-243D-46CB-A0EC-FFD2D3DD3733} = {1D3FD4DB-65F1-4DBE-B0C5-E6C12D2E90C6}
		{920AC1BB-0B4E-4548-9342-70FABC2AA8B8} = {1D3FD4DB-65F1-4DBE-B0C5-E6C12D2E90C6}
		{37C2B57F-B980-410F-9EF0-012944E8DD4A} = {C8745633-4003-4839-A6F8-AFD287B7175E}
	EndGlobalSection
	GlobalSection(ExtensibilityGlobals) = postSolution
		SolutionGuid = {DCAFD281-69D6-4423-8978-53EB52197585}
	EndGlobalSection
EndGlobal
