
Microsoft Visual Studio Solution File, Format Version 12.00
# Visual Studio 15
VisualStudioVersion = 15.0.27703.2000
MinimumVisualStudioVersion = 10.0.40219.1
Project("{FAE04EC0-301F-11D3-BF4B-00C04F79EFBC}") = "ijw.Next", "ijw.Next\ijw.Next.csproj", "{20C65CB8-658B-463A-A1CE-722C3B758DFF}"
EndProject
Global
	GlobalSection(SolutionConfigurationPlatforms) = preSolution
		Debug|Any CPU = Debug|Any CPU
		Release|Any CPU = Release|Any CPU
	EndGlobalSection
	GlobalSection(ProjectConfigurationPlatforms) = postSolution
		{20C65CB8-658B-463A-A1CE-722C3B758DFF}.Debug|Any CPU.ActiveCfg = Debug|Any CPU
		{20C65CB8-658B-463A-A1CE-722C3B758DFF}.Debug|Any CPU.Build.0 = Debug|Any CPU
		{20C65CB8-658B-463A-A1CE-722C3B758DFF}.Release|Any CPU.ActiveCfg = Release|Any CPU
		{20C65CB8-658B-463A-A1CE-722C3B758DFF}.Release|Any CPU.Build.0 = Release|Any CPU
	EndGlobalSection
	GlobalSection(SolutionProperties) = preSolution
		HideSolutionNode = FALSE
	EndGlobalSection
	GlobalSection(ExtensibilityGlobals) = postSolution
		SolutionGuid = {DCAFD281-69D6-4423-8978-53EB52197585}
	EndGlobalSection
EndGlobal
